
Microsoft Visual Studio Solution File, Format Version 12.00
# Visual Studio Version 16
VisualStudioVersion = 16.0.30804.86
MinimumVisualStudioVersion = 10.0.40219.1
Project("{9A19103F-16F7-4668-BE54-9A1E7A4F7556}") = "PostsApi", "PostsApi\PostsApi.csproj", "{5D9B508C-CD44-42AF-A26C-6FA64B4C54BA}"
EndProject
Project("{FAE04EC0-301F-11D3-BF4B-00C04F79EFBC}") = "PostsApiTests", "PostsApiTests\PostsApiTests.csproj", "{D1A9C433-20AB-4E6D-A42D-B038662624D1}"
EndProject
Global
	GlobalSection(SolutionConfigurationPlatforms) = preSolution
		Debug|Any CPU = Debug|Any CPU
		Release|Any CPU = Release|Any CPU
	EndGlobalSection
	GlobalSection(ProjectConfigurationPlatforms) = postSolution
		{5D9B508C-CD44-42AF-A26C-6FA64B4C54BA}.Debug|Any CPU.ActiveCfg = Debug|Any CPU
		{5D9B508C-CD44-42AF-A26C-6FA64B4C54BA}.Debug|Any CPU.Build.0 = Debug|Any CPU
		{5D9B508C-CD44-42AF-A26C-6FA64B4C54BA}.Release|Any CPU.ActiveCfg = Release|Any CPU
		{5D9B508C-CD44-42AF-A26C-6FA64B4C54BA}.Release|Any CPU.Build.0 = Release|Any CPU
		{D1A9C433-20AB-4E6D-A42D-B038662624D1}.Debug|Any CPU.ActiveCfg = Debug|Any CPU
		{D1A9C433-20AB-4E6D-A42D-B038662624D1}.Debug|Any CPU.Build.0 = Debug|Any CPU
		{D1A9C433-20AB-4E6D-A42D-B038662624D1}.Release|Any CPU.ActiveCfg = Release|Any CPU
		{D1A9C433-20AB-4E6D-A42D-B038662624D1}.Release|Any CPU.Build.0 = Release|Any CPU
	EndGlobalSection
	GlobalSection(SolutionProperties) = preSolution
		HideSolutionNode = FALSE
	EndGlobalSection
	GlobalSection(ExtensibilityGlobals) = postSolution
		SolutionGuid = {AD7CEE48-CBF2-4327-9417-0FB1BF5861FF}
	EndGlobalSection
EndGlobal
